// !$*UTF8*$!
{
	archiveVersion = 1;
	classes = {
	};
	objectVersion = 50;
	objects = {

/* Begin PBXBuildFile section */
		ED48C2DF20A5EB49006FBDA9 /* AppDelegate.swift in Sources */ = {isa = PBXBuildFile; fileRef = ED48C2DE20A5EB49006FBDA9 /* AppDelegate.swift */; };
		ED48C2E120A5EB49006FBDA9 /* ViewController.swift in Sources */ = {isa = PBXBuildFile; fileRef = ED48C2E020A5EB49006FBDA9 /* ViewController.swift */; };
		ED48C2E420A5EB49006FBDA9 /* Main.storyboard in Resources */ = {isa = PBXBuildFile; fileRef = ED48C2E220A5EB49006FBDA9 /* Main.storyboard */; };
		ED48C2E620A5EB4B006FBDA9 /* Assets.xcassets in Resources */ = {isa = PBXBuildFile; fileRef = ED48C2E520A5EB4B006FBDA9 /* Assets.xcassets */; };
		ED48C2E920A5EB4B006FBDA9 /* LaunchScreen.storyboard in Resources */ = {isa = PBXBuildFile; fileRef = ED48C2E720A5EB4B006FBDA9 /* LaunchScreen.storyboard */; };
		ED48C2F220A9B493006FBDA9 /* TextViewDelegate.swift in Sources */ = {isa = PBXBuildFile; fileRef = ED48C2F120A9B493006FBDA9 /* TextViewDelegate.swift */; };
		ED48C2F620AB2D23006FBDA9 /* MemeStruct.swift in Sources */ = {isa = PBXBuildFile; fileRef = ED48C2F520AB2D23006FBDA9 /* MemeStruct.swift */; };
		ED48C2F820AB31BE006FBDA9 /* ShareController.swift in Sources */ = {isa = PBXBuildFile; fileRef = ED48C2F720AB31BE006FBDA9 /* ShareController.swift */; };
/* End PBXBuildFile section */

/* Begin PBXFileReference section */
		ED48C2DB20A5EB49006FBDA9 /* ImagePicker.app */ = {isa = PBXFileReference; explicitFileType = wrapper.application; includeInIndex = 0; path = ImagePicker.app; sourceTree = BUILT_PRODUCTS_DIR; };
		ED48C2DE20A5EB49006FBDA9 /* AppDelegate.swift */ = {isa = PBXFileReference; lastKnownFileType = sourcecode.swift; path = AppDelegate.swift; sourceTree = "<group>"; };
		ED48C2E020A5EB49006FBDA9 /* ViewController.swift */ = {isa = PBXFileReference; lastKnownFileType = sourcecode.swift; path = ViewController.swift; sourceTree = "<group>"; };
		ED48C2E320A5EB49006FBDA9 /* Base */ = {isa = PBXFileReference; lastKnownFileType = file.storyboard; name = Base; path = Base.lproj/Main.storyboard; sourceTree = "<group>"; };
		ED48C2E520A5EB4B006FBDA9 /* Assets.xcassets */ = {isa = PBXFileReference; lastKnownFileType = folder.assetcatalog; path = Assets.xcassets; sourceTree = "<group>"; };
		ED48C2E820A5EB4B006FBDA9 /* Base */ = {isa = PBXFileReference; lastKnownFileType = file.storyboard; name = Base; path = Base.lproj/LaunchScreen.storyboard; sourceTree = "<group>"; };
		ED48C2EA20A5EB4C006FBDA9 /* Info.plist */ = {isa = PBXFileReference; lastKnownFileType = text.plist.xml; path = Info.plist; sourceTree = "<group>"; };
		ED48C2F120A9B493006FBDA9 /* TextViewDelegate.swift */ = {isa = PBXFileReference; lastKnownFileType = sourcecode.swift; path = TextViewDelegate.swift; sourceTree = "<group>"; };
		ED48C2F520AB2D23006FBDA9 /* MemeStruct.swift */ = {isa = PBXFileReference; lastKnownFileType = sourcecode.swift; path = MemeStruct.swift; sourceTree = "<group>"; };
		ED48C2F720AB31BE006FBDA9 /* ShareController.swift */ = {isa = PBXFileReference; lastKnownFileType = sourcecode.swift; path = ShareController.swift; sourceTree = "<group>"; };
/* End PBXFileReference section */

/* Begin PBXFrameworksBuildPhase section */
		ED48C2D820A5EB49006FBDA9 /* Frameworks */ = {
			isa = PBXFrameworksBuildPhase;
			buildActionMask = 2147483647;
			files = (
			);
			runOnlyForDeploymentPostprocessing = 0;
		};
/* End PBXFrameworksBuildPhase section */

/* Begin PBXGroup section */
		ED48C2D220A5EB49006FBDA9 = {
			isa = PBXGroup;
			children = (
				ED48C2DD20A5EB49006FBDA9 /* ImagePicker */,
				ED48C2DC20A5EB49006FBDA9 /* Products */,
			);
			sourceTree = "<group>";
		};
		ED48C2DC20A5EB49006FBDA9 /* Products */ = {
			isa = PBXGroup;
			children = (
				ED48C2DB20A5EB49006FBDA9 /* ImagePicker.app */,
			);
			name = Products;
			sourceTree = "<group>";
		};
		ED48C2DD20A5EB49006FBDA9 /* ImagePicker */ = {
			isa = PBXGroup;
			children = (
				ED48C2F020A97878006FBDA9 /* ViewDelegates */,
				ED48C2DE20A5EB49006FBDA9 /* AppDelegate.swift */,
				ED48C2E020A5EB49006FBDA9 /* ViewController.swift */,
				ED48C2E220A5EB49006FBDA9 /* Main.storyboard */,
				ED48C2E520A5EB4B006FBDA9 /* Assets.xcassets */,
				ED48C2E720A5EB4B006FBDA9 /* LaunchScreen.storyboard */,
				ED48C2EA20A5EB4C006FBDA9 /* Info.plist */,
			);
			path = ImagePicker;
			sourceTree = "<group>";
		};
		ED48C2F020A97878006FBDA9 /* ViewDelegates */ = {
			isa = PBXGroup;
			children = (
				ED48C2F120A9B493006FBDA9 /* TextViewDelegate.swift */,
				ED48C2F520AB2D23006FBDA9 /* MemeStruct.swift */,
				ED48C2F720AB31BE006FBDA9 /* ShareController.swift */,
			);
			path = ViewDelegates;
			sourceTree = "<group>";
		};
/* End PBXGroup section */

/* Begin PBXNativeTarget section */
		ED48C2DA20A5EB49006FBDA9 /* ImagePicker */ = {
			isa = PBXNativeTarget;
			buildConfigurationList = ED48C2ED20A5EB4C006FBDA9 /* Build configuration list for PBXNativeTarget "ImagePicker" */;
			buildPhases = (
				ED48C2D720A5EB49006FBDA9 /* Sources */,
				ED48C2D820A5EB49006FBDA9 /* Frameworks */,
				ED48C2D920A5EB49006FBDA9 /* Resources */,
			);
			buildRules = (
			);
			dependencies = (
			);
			name = ImagePicker;
			productName = ImagePicker;
			productReference = ED48C2DB20A5EB49006FBDA9 /* ImagePicker.app */;
			productType = "com.apple.product-type.application";
		};
/* End PBXNativeTarget section */

/* Begin PBXProject section */
		ED48C2D320A5EB49006FBDA9 /* Project object */ = {
			isa = PBXProject;
			attributes = {
				LastSwiftUpdateCheck = 0930;
				LastUpgradeCheck = 0930;
				ORGANIZATIONNAME = "Kynan Song";
				TargetAttributes = {
					ED48C2DA20A5EB49006FBDA9 = {
						CreatedOnToolsVersion = 9.3;
					};
				};
			};
			buildConfigurationList = ED48C2D620A5EB49006FBDA9 /* Build configuration list for PBXProject "ImagePicker" */;
			compatibilityVersion = "Xcode 9.3";
			developmentRegion = en;
			hasScannedForEncodings = 0;
			knownRegions = (
				en,
				Base,
			);
			mainGroup = ED48C2D220A5EB49006FBDA9;
			productRefGroup = ED48C2DC20A5EB49006FBDA9 /* Products */;
			projectDirPath = "";
			projectRoot = "";
			targets = (
				ED48C2DA20A5EB49006FBDA9 /* ImagePicker */,
			);
		};
/* End PBXProject section */

/* Begin PBXResourcesBuildPhase section */
		ED48C2D920A5EB49006FBDA9 /* Resources */ = {
			isa = PBXResourcesBuildPhase;
			buildActionMask = 2147483647;
			files = (
				ED48C2E920A5EB4B006FBDA9 /* LaunchScreen.storyboard in Resources */,
				ED48C2E620A5EB4B006FBDA9 /* Assets.xcassets in Resources */,
				ED48C2E420A5EB49006FBDA9 /* Main.storyboard in Resources */,
			);
			runOnlyForDeploymentPostprocessing = 0;
		};
/* End PBXResourcesBuildPhase section */

/* Begin PBXSourcesBuildPhase section */
		ED48C2D720A5EB49006FBDA9 /* Sources */ = {
			isa = PBXSourcesBuildPhase;
			buildActionMask = 2147483647;
			files = (
				ED48C2F620AB2D23006FBDA9 /* MemeStruct.swift in Sources */,
				ED48C2F220A9B493006FBDA9 /* TextViewDelegate.swift in Sources */,
				ED48C2E120A5EB49006FBDA9 /* ViewController.swift in Sources */,
				ED48C2F820AB31BE006FBDA9 /* ShareController.swift in Sources */,
				ED48C2DF20A5EB49006FBDA9 /* AppDelegate.swift in Sources */,
			);
			runOnlyForDeploymentPostprocessing = 0;
		};
/* End PBXSourcesBuildPhase section */

/* Begin PBXVariantGroup section */
		ED48C2E220A5EB49006FBDA9 /* Main.storyboard */ = {
			isa = PBXVariantGroup;
			children = (
				ED48C2E320A5EB49006FBDA9 /* Base */,
			);
			name = Main.storyboard;
			sourceTree = "<group>";
		};
		ED48C2E720A5EB4B006FBDA9 /* LaunchScreen.storyboard */ = {
			isa = PBXVariantGroup;
			children = (
				ED48C2E820A5EB4B006FBDA9 /* Base */,
			);
			name = LaunchScreen.storyboard;
			sourceTree = "<group>";
		};
/* End PBXVariantGroup section */

/* Begin XCBuildConfiguration section */
		ED48C2EB20A5EB4C006FBDA9 /* Debug */ = {
			isa = XCBuildConfiguration;
			buildSettings = {
				ALWAYS_SEARCH_USER_PATHS = NO;
				CLANG_ANALYZER_NONNULL = YES;
				CLANG_ANALYZER_NUMBER_OBJECT_CONVERSION = YES_AGGRESSIVE;
				CLANG_CXX_LANGUAGE_STANDARD = "gnu++14";
				CLANG_CXX_LIBRARY = "libc++";
				CLANG_ENABLE_MODULES = YES;
				CLANG_ENABLE_OBJC_ARC = YES;
				CLANG_ENABLE_OBJC_WEAK = YES;
				CLANG_WARN_BLOCK_CAPTURE_AUTORELEASING = YES;
				CLANG_WARN_BOOL_CONVERSION = YES;
				CLANG_WARN_COMMA = YES;
				CLANG_WARN_CONSTANT_CONVERSION = YES;
				CLANG_WARN_DEPRECATED_OBJC_IMPLEMENTATIONS = YES;
				CLANG_WARN_DIRECT_OBJC_ISA_USAGE = YES_ERROR;
				CLANG_WARN_DOCUMENTATION_COMMENTS = YES;
				CLANG_WARN_EMPTY_BODY = YES;
				CLANG_WARN_ENUM_CONVERSION = YES;
				CLANG_WARN_INFINITE_RECURSION = YES;
				CLANG_WARN_INT_CONVERSION = YES;
				CLANG_WARN_NON_LITERAL_NULL_CONVERSION = YES;
				CLANG_WARN_OBJC_IMPLICIT_RETAIN_SELF = YES;
				CLANG_WARN_OBJC_LITERAL_CONVERSION = YES;
				CLANG_WARN_OBJC_ROOT_CLASS = YES_ERROR;
				CLANG_WARN_RANGE_LOOP_ANALYSIS = YES;
				CLANG_WARN_STRICT_PROTOTYPES = YES;
				CLANG_WARN_SUSPICIOUS_MOVE = YES;
				CLANG_WARN_UNGUARDED_AVAILABILITY = YES_AGGRESSIVE;
				CLANG_WARN_UNREACHABLE_CODE = YES;
				CLANG_WARN__DUPLICATE_METHOD_MATCH = YES;
				CODE_SIGN_IDENTITY = "iPhone Developer";
				COPY_PHASE_STRIP = NO;
				DEBUG_INFORMATION_FORMAT = dwarf;
				ENABLE_STRICT_OBJC_MSGSEND = YES;
				ENABLE_TESTABILITY = YES;
				GCC_C_LANGUAGE_STANDARD = gnu11;
				GCC_DYNAMIC_NO_PIC = NO;
				GCC_NO_COMMON_BLOCKS = YES;
				GCC_OPTIMIZATION_LEVEL = 0;
				GCC_PREPROCESSOR_DEFINITIONS = (
					"DEBUG=1",
					"$(inherited)",
				);
				GCC_WARN_64_TO_32_BIT_CONVERSION = YES;
				GCC_WARN_ABOUT_RETURN_TYPE = YES_ERROR;
				GCC_WARN_UNDECLARED_SELECTOR = YES;
				GCC_WARN_UNINITIALIZED_AUTOS = YES_AGGRESSIVE;
				GCC_WARN_UNUSED_FUNCTION = YES;
				GCC_WARN_UNUSED_VARIABLE = YES;
				IPHONEOS_DEPLOYMENT_TARGET = 11.0;
				MTL_ENABLE_DEBUG_INFO = YES;
				ONLY_ACTIVE_ARCH = YES;
				SDKROOT = iphoneos;
				SWIFT_ACTIVE_COMPILATION_CONDITIONS = DEBUG;
				SWIFT_OPTIMIZATION_LEVEL = "-Onone";
			};
			name = Debug;
		};
		ED48C2EC20A5EB4C006FBDA9 /* Release */ = {
			isa = XCBuildConfiguration;
			buildSettings = {
				ALWAYS_SEARCH_USER_PATHS = NO;
				CLANG_ANALYZER_NONNULL = YES;
				CLANG_ANALYZER_NUMBER_OBJECT_CONVERSION = YES_AGGRESSIVE;
				CLANG_CXX_LANGUAGE_STANDARD = "gnu++14";
				CLANG_CXX_LIBRARY = "libc++";
				CLANG_ENABLE_MODULES = YES;
				CLANG_ENABLE_OBJC_ARC = YES;
				CLANG_ENABLE_OBJC_WEAK = YES;
				CLANG_WARN_BLOCK_CAPTURE_AUTORELEASING = YES;
				CLANG_WARN_BOOL_CONVERSION = YES;
				CLANG_WARN_COMMA = YES;
				CLANG_WARN_CONSTANT_CONVERSION = YES;
				CLANG_WARN_DEPRECATED_OBJC_IMPLEMENTATIONS = YES;
				CLANG_WARN_DIRECT_OBJC_ISA_USAGE = YES_ERROR;
				CLANG_WARN_DOCUMENTATION_COMMENTS = YES;
				CLANG_WARN_EMPTY_BODY = YES;
				CLANG_WARN_ENUM_CONVERSION = YES;
				CLANG_WARN_INFINITE_RECURSION = YES;
				CLANG_WARN_INT_CONVERSION = YES;
				CLANG_WARN_NON_LITERAL_NULL_CONVERSION = YES;
				CLANG_WARN_OBJC_IMPLICIT_RETAIN_SELF = YES;
				CLANG_WARN_OBJC_LITERAL_CONVERSION = YES;
				CLANG_WARN_OBJC_ROOT_CLASS = YES_ERROR;
				CLANG_WARN_RANGE_LOOP_ANALYSIS = YES;
				CLANG_WARN_STRICT_PROTOTYPES = YES;
				CLANG_WARN_SUSPICIOUS_MOVE = YES;
				CLANG_WARN_UNGUARDED_AVAILABILITY = YES_AGGRESSIVE;
				CLANG_WARN_UNREACHABLE_CODE = YES;
				CLANG_WARN__DUPLICATE_METHOD_MATCH = YES;
				CODE_SIGN_IDENTITY = "iPhone Developer";
				COPY_PHASE_STRIP = NO;
				DEBUG_INFORMATION_FORMAT = "dwarf-with-dsym";
				ENABLE_NS_ASSERTIONS = NO;
				ENABLE_STRICT_OBJC_MSGSEND = YES;
				GCC_C_LANGUAGE_STANDARD = gnu11;
				GCC_NO_COMMON_BLOCKS = YES;
				GCC_WARN_64_TO_32_BIT_CONVERSION = YES;
				GCC_WARN_ABOUT_RETURN_TYPE = YES_ERROR;
				GCC_WARN_UNDECLARED_SELECTOR = YES;
				GCC_WARN_UNINITIALIZED_AUTOS = YES_AGGRESSIVE;
				GCC_WARN_UNUSED_FUNCTION = YES;
				GCC_WARN_UNUSED_VARIABLE = YES;
				IPHONEOS_DEPLOYMENT_TARGET = 11.0;
				MTL_ENABLE_DEBUG_INFO = NO;
				SDKROOT = iphoneos;
				SWIFT_COMPILATION_MODE = wholemodule;
				SWIFT_OPTIMIZATION_LEVEL = "-O";
				VALIDATE_PRODUCT = YES;
			};
			name = Release;
		};
		ED48C2EE20A5EB4C006FBDA9 /* Debug */ = {
			isa = XCBuildConfiguration;
			buildSettings = {
				ASSETCATALOG_COMPILER_APPICON_NAME = AppIcon;
				CODE_SIGN_STYLE = Automatic;
				DEVELOPMENT_TEAM = ZSM2D4RUSA;
				INFOPLIST_FILE = ImagePicker/Info.plist;
				LD_RUNPATH_SEARCH_PATHS = (
					"$(inherited)",
					"@executable_path/Frameworks",
				);
				PRODUCT_BUNDLE_IDENTIFIER = test.ImagePickerApp;
				PRODUCT_NAME = "$(TARGET_NAME)";
				SWIFT_VERSION = 4.0;
				TARGETED_DEVICE_FAMILY = "1,2";
			};
			name = Debug;
		};
		ED48C2EF20A5EB4C006FBDA9 /* Release */ = {
			isa = XCBuildConfiguration;
			buildSettings = {
				ASSETCATALOG_COMPILER_APPICON_NAME = AppIcon;
				CODE_SIGN_STYLE = Automatic;
				DEVELOPMENT_TEAM = ZSM2D4RUSA;
				INFOPLIST_FILE = ImagePicker/Info.plist;
				LD_RUNPATH_SEARCH_PATHS = (
					"$(inherited)",
					"@executable_path/Frameworks",
				);
				PRODUCT_BUNDLE_IDENTIFIER = test.ImagePickerApp;
				PRODUCT_NAME = "$(TARGET_NAME)";
				SWIFT_VERSION = 4.0;
				TARGETED_DEVICE_FAMILY = "1,2";
			};
			name = Release;
		};
/* End XCBuildConfiguration section */

/* Begin XCConfigurationList section */
		ED48C2D620A5EB49006FBDA9 /* Build configuration list for PBXProject "ImagePicker" */ = {
			isa = XCConfigurationList;
			buildConfigurations = (
				ED48C2EB20A5EB4C006FBDA9 /* Debug */,
				ED48C2EC20A5EB4C006FBDA9 /* Release */,
			);
			defaultConfigurationIsVisible = 0;
			defaultConfigurationName = Debug;
		};
		ED48C2ED20A5EB4C006FBDA9 /* Build configuration list for PBXNativeTarget "ImagePicker" */ = {
			isa = XCConfigurationList;
			buildConfigurations = (
				ED48C2EE20A5EB4C006FBDA9 /* Debug */,
				ED48C2EF20A5EB4C006FBDA9 /* Release */,
			);
			defaultConfigurationIsVisible = 0;
			defaultConfigurationName = Debug;
		};
/* End XCConfigurationList section */
	};
	rootObject = ED48C2D320A5EB49006FBDA9 /* Project object */;
}
